
Microsoft Visual Studio Solution File, Format Version 12.00
# Visual Studio Version 16
VisualStudioVersion = 16.0.32106.194
MinimumVisualStudioVersion = 10.0.40219.1
Project("{FAE04EC0-301F-11D3-BF4B-00C04F79EFBC}") = "MIDTERMPROJECT", "MIDTERMPROJECT\MIDTERMPROJECT.csproj", "{2BE7F9DD-5888-4915-B7FC-E4788375E760}"
EndProject
Global
	GlobalSection(SolutionConfigurationPlatforms) = preSolution
		Debug|Any CPU = Debug|Any CPU
		Release|Any CPU = Release|Any CPU
	EndGlobalSection
	GlobalSection(ProjectConfigurationPlatforms) = postSolution
		{2BE7F9DD-5888-4915-B7FC-E4788375E760}.Debug|Any CPU.ActiveCfg = Debug|Any CPU
		{2BE7F9DD-5888-4915-B7FC-E4788375E760}.Debug|Any CPU.Build.0 = Debug|Any CPU
		{2BE7F9DD-5888-4915-B7FC-E4788375E760}.Release|Any CPU.ActiveCfg = Release|Any CPU
		{2BE7F9DD-5888-4915-B7FC-E4788375E760}.Release|Any CPU.Build.0 = Release|Any CPU
	EndGlobalSection
	GlobalSection(SolutionProperties) = preSolution
		HideSolutionNode = FALSE
	EndGlobalSection
	GlobalSection(ExtensibilityGlobals) = postSolution
		SolutionGuid = {C27C6E13-7487-47A0-9C10-3B0C3E436CF9}
	EndGlobalSection
EndGlobal
